
Microsoft Visual Studio Solution File, Format Version 12.00
# Visual Studio Version 17
VisualStudioVersion = 17.0.31903.59
MinimumVisualStudioVersion = 10.0.40219.1
Project("{2150E333-8FDC-42A3-9474-1A3956D46DE8}") = "src", "src", "{827E0CD3-B72D-47B6-A68D-7590B98EB39B}"
EndProject
Project("{FAE04EC0-301F-11D3-BF4B-00C04F79EFBC}") = "OrderSystem.PaymentService", "src\OrderSystem.PaymentService\OrderSystem.PaymentService.csproj", "{BCF55E33-384A-41E4-B690-9A0AFB712DA2}"
EndProject
Project("{FAE04EC0-301F-11D3-BF4B-00C04F79EFBC}") = "OrderSystem.Contracts", "..\..\shared\OrderSystem.Contracts\OrderSystem.Contracts.csproj", "{C153A57C-9960-459A-B7F1-093D7C6D82EA}"
EndProject
Project("{FAE04EC0-301F-11D3-BF4B-00C04F79EFBC}") = "OrderSystem.Messaging", "..\..\shared\OrderSystem.Messaging\OrderSystem.Messaging.csproj", "{AF87F881-629C-4F3B-84D2-348DBDE7257F}"
EndProject
Project("{2150E333-8FDC-42A3-9474-1A3956D46DE8}") = "tests", "tests", "{0AB3BF05-4346-4AA6-1389-037BE0695223}"
EndProject
Project("{FAE04EC0-301F-11D3-BF4B-00C04F79EFBC}") = "OrderSystem.PaymentService.Tests", "tests\OrderSystem.PaymentService.Tests\OrderSystem.PaymentService.Tests.csproj", "{0B167443-ADD7-441C-B7C9-18E152D07476}"
EndProject
Global
	GlobalSection(SolutionConfigurationPlatforms) = preSolution
		Debug|Any CPU = Debug|Any CPU
		Debug|x64 = Debug|x64
		Debug|x86 = Debug|x86
		Release|Any CPU = Release|Any CPU
		Release|x64 = Release|x64
		Release|x86 = Release|x86
	EndGlobalSection
	GlobalSection(ProjectConfigurationPlatforms) = postSolution
		{BCF55E33-384A-41E4-B690-9A0AFB712DA2}.Debug|Any CPU.ActiveCfg = Debug|Any CPU
		{BCF55E33-384A-41E4-B690-9A0AFB712DA2}.Debug|Any CPU.Build.0 = Debug|Any CPU
		{BCF55E33-384A-41E4-B690-9A0AFB712DA2}.Debug|x64.ActiveCfg = Debug|Any CPU
		{BCF55E33-384A-41E4-B690-9A0AFB712DA2}.Debug|x64.Build.0 = Debug|Any CPU
		{BCF55E33-384A-41E4-B690-9A0AFB712DA2}.Debug|x86.ActiveCfg = Debug|Any CPU
		{BCF55E33-384A-41E4-B690-9A0AFB712DA2}.Debug|x86.Build.0 = Debug|Any CPU
		{BCF55E33-384A-41E4-B690-9A0AFB712DA2}.Release|Any CPU.ActiveCfg = Release|Any CPU
		{BCF55E33-384A-41E4-B690-9A0AFB712DA2}.Release|Any CPU.Build.0 = Release|Any CPU
		{BCF55E33-384A-41E4-B690-9A0AFB712DA2}.Release|x64.ActiveCfg = Release|Any CPU
		{BCF55E33-384A-41E4-B690-9A0AFB712DA2}.Release|x64.Build.0 = Release|Any CPU
		{BCF55E33-384A-41E4-B690-9A0AFB712DA2}.Release|x86.ActiveCfg = Release|Any CPU
		{BCF55E33-384A-41E4-B690-9A0AFB712DA2}.Release|x86.Build.0 = Release|Any CPU
		{C153A57C-9960-459A-B7F1-093D7C6D82EA}.Debug|Any CPU.ActiveCfg = Debug|Any CPU
		{C153A57C-9960-459A-B7F1-093D7C6D82EA}.Debug|Any CPU.Build.0 = Debug|Any CPU
		{C153A57C-9960-459A-B7F1-093D7C6D82EA}.Debug|x64.ActiveCfg = Debug|Any CPU
		{C153A57C-9960-459A-B7F1-093D7C6D82EA}.Debug|x64.Build.0 = Debug|Any CPU
		{C153A57C-9960-459A-B7F1-093D7C6D82EA}.Debug|x86.ActiveCfg = Debug|Any CPU
		{C153A57C-9960-459A-B7F1-093D7C6D82EA}.Debug|x86.Build.0 = Debug|Any CPU
		{C153A57C-9960-459A-B7F1-093D7C6D82EA}.Release|Any CPU.ActiveCfg = Release|Any CPU
		{C153A57C-9960-459A-B7F1-093D7C6D82EA}.Release|Any CPU.Build.0 = Release|Any CPU
		{C153A57C-9960-459A-B7F1-093D7C6D82EA}.Release|x64.ActiveCfg = Release|Any CPU
		{C153A57C-9960-459A-B7F1-093D7C6D82EA}.Release|x64.Build.0 = Release|Any CPU
		{C153A57C-9960-459A-B7F1-093D7C6D82EA}.Release|x86.ActiveCfg = Release|Any CPU
		{C153A57C-9960-459A-B7F1-093D7C6D82EA}.Release|x86.Build.0 = Release|Any CPU
		{AF87F881-629C-4F3B-84D2-348DBDE7257F}.Debug|Any CPU.ActiveCfg = Debug|Any CPU
		{AF87F881-629C-4F3B-84D2-348DBDE7257F}.Debug|Any CPU.Build.0 = Debug|Any CPU
		{AF87F881-629C-4F3B-84D2-348DBDE7257F}.Debug|x64.ActiveCfg = Debug|Any CPU
		{AF87F881-629C-4F3B-84D2-348DBDE7257F}.Debug|x64.Build.0 = Debug|Any CPU
		{AF87F881-629C-4F3B-84D2-348DBDE7257F}.Debug|x86.ActiveCfg = Debug|Any CPU
		{AF87F881-629C-4F3B-84D2-348DBDE7257F}.Debug|x86.Build.0 = Debug|Any CPU
		{AF87F881-629C-4F3B-84D2-348DBDE7257F}.Release|Any CPU.ActiveCfg = Release|Any CPU
		{AF87F881-629C-4F3B-84D2-348DBDE7257F}.Release|Any CPU.Build.0 = Release|Any CPU
		{AF87F881-629C-4F3B-84D2-348DBDE7257F}.Release|x64.ActiveCfg = Release|Any CPU
		{AF87F881-629C-4F3B-84D2-348DBDE7257F}.Release|x64.Build.0 = Release|Any CPU
		{AF87F881-629C-4F3B-84D2-348DBDE7257F}.Release|x86.ActiveCfg = Release|Any CPU
		{AF87F881-629C-4F3B-84D2-348DBDE7257F}.Release|x86.Build.0 = Release|Any CPU
		{0B167443-ADD7-441C-B7C9-18E152D07476}.Debug|Any CPU.ActiveCfg = Debug|Any CPU
		{0B167443-ADD7-441C-B7C9-18E152D07476}.Debug|Any CPU.Build.0 = Debug|Any CPU
		{0B167443-ADD7-441C-B7C9-18E152D07476}.Debug|x64.ActiveCfg = Debug|Any CPU
		{0B167443-ADD7-441C-B7C9-18E152D07476}.Debug|x64.Build.0 = Debug|Any CPU
		{0B167443-ADD7-441C-B7C9-18E152D07476}.Debug|x86.ActiveCfg = Debug|Any CPU
		{0B167443-ADD7-441C-B7C9-18E152D07476}.Debug|x86.Build.0 = Debug|Any CPU
		{0B167443-ADD7-441C-B7C9-18E152D07476}.Release|Any CPU.ActiveCfg = Release|Any CPU
		{0B167443-ADD7-441C-B7C9-18E152D07476}.Release|Any CPU.Build.0 = Release|Any CPU
		{0B167443-ADD7-441C-B7C9-18E152D07476}.Release|x64.ActiveCfg = Release|Any CPU
		{0B167443-ADD7-441C-B7C9-18E152D07476}.Release|x64.Build.0 = Release|Any CPU
		{0B167443-ADD7-441C-B7C9-18E152D07476}.Release|x86.ActiveCfg = Release|Any CPU
		{0B167443-ADD7-441C-B7C9-18E152D07476}.Release|x86.Build.0 = Release|Any CPU
	EndGlobalSection
	GlobalSection(SolutionProperties) = preSolution
		HideSolutionNode = FALSE
	EndGlobalSection
	GlobalSection(NestedProjects) = preSolution
		{BCF55E33-384A-41E4-B690-9A0AFB712DA2} = {827E0CD3-B72D-47B6-A68D-7590B98EB39B}
		{0B167443-ADD7-441C-B7C9-18E152D07476} = {0AB3BF05-4346-4AA6-1389-037BE0695223}
	EndGlobalSection
EndGlobal
