
Microsoft Visual Studio Solution File, Format Version 12.00
# Visual Studio Version 17
VisualStudioVersion = 17.0.31903.59
MinimumVisualStudioVersion = 10.0.40219.1
Project("{2150E333-8FDC-42A3-9474-1A3956D46DE8}") = "src", "src", "{827E0CD3-B72D-47B6-A68D-7590B98EB39B}"
EndProject
Project("{FAE04EC0-301F-11D3-BF4B-00C04F79EFBC}") = "OrderSystem.OrderService", "src\OrderSystem.OrderService\OrderSystem.OrderService.csproj", "{AC3DAC93-ABDC-42CF-A420-51C0E97D8472}"
EndProject
Project("{FAE04EC0-301F-11D3-BF4B-00C04F79EFBC}") = "OrderSystem.Contracts", "..\..\shared\OrderSystem.Contracts\OrderSystem.Contracts.csproj", "{3252F050-0CE8-4FD0-BDB5-839543DD5C80}"
EndProject
Project("{FAE04EC0-301F-11D3-BF4B-00C04F79EFBC}") = "OrderSystem.Messaging", "..\..\shared\OrderSystem.Messaging\OrderSystem.Messaging.csproj", "{6603B79D-E54D-4044-B7A8-9A3FB75F3F7B}"
EndProject
Project("{2150E333-8FDC-42A3-9474-1A3956D46DE8}") = "tests", "tests", "{0AB3BF05-4346-4AA6-1389-037BE0695223}"
EndProject
Project("{FAE04EC0-301F-11D3-BF4B-00C04F79EFBC}") = "OrderSystem.OrderService.Tests", "tests\OrderSystem.OrderService.Tests\OrderSystem.OrderService.Tests.csproj", "{887D9791-AE1E-47E2-AE3B-DC636630EF6B}"
EndProject
Global
	GlobalSection(SolutionConfigurationPlatforms) = preSolution
		Debug|Any CPU = Debug|Any CPU
		Debug|x64 = Debug|x64
		Debug|x86 = Debug|x86
		Release|Any CPU = Release|Any CPU
		Release|x64 = Release|x64
		Release|x86 = Release|x86
	EndGlobalSection
	GlobalSection(ProjectConfigurationPlatforms) = postSolution
		{AC3DAC93-ABDC-42CF-A420-51C0E97D8472}.Debug|Any CPU.ActiveCfg = Debug|Any CPU
		{AC3DAC93-ABDC-42CF-A420-51C0E97D8472}.Debug|Any CPU.Build.0 = Debug|Any CPU
		{AC3DAC93-ABDC-42CF-A420-51C0E97D8472}.Debug|x64.ActiveCfg = Debug|Any CPU
		{AC3DAC93-ABDC-42CF-A420-51C0E97D8472}.Debug|x64.Build.0 = Debug|Any CPU
		{AC3DAC93-ABDC-42CF-A420-51C0E97D8472}.Debug|x86.ActiveCfg = Debug|Any CPU
		{AC3DAC93-ABDC-42CF-A420-51C0E97D8472}.Debug|x86.Build.0 = Debug|Any CPU
		{AC3DAC93-ABDC-42CF-A420-51C0E97D8472}.Release|Any CPU.ActiveCfg = Release|Any CPU
		{AC3DAC93-ABDC-42CF-A420-51C0E97D8472}.Release|Any CPU.Build.0 = Release|Any CPU
		{AC3DAC93-ABDC-42CF-A420-51C0E97D8472}.Release|x64.ActiveCfg = Release|Any CPU
		{AC3DAC93-ABDC-42CF-A420-51C0E97D8472}.Release|x64.Build.0 = Release|Any CPU
		{AC3DAC93-ABDC-42CF-A420-51C0E97D8472}.Release|x86.ActiveCfg = Release|Any CPU
		{AC3DAC93-ABDC-42CF-A420-51C0E97D8472}.Release|x86.Build.0 = Release|Any CPU
		{3252F050-0CE8-4FD0-BDB5-839543DD5C80}.Debug|Any CPU.ActiveCfg = Debug|Any CPU
		{3252F050-0CE8-4FD0-BDB5-839543DD5C80}.Debug|Any CPU.Build.0 = Debug|Any CPU
		{3252F050-0CE8-4FD0-BDB5-839543DD5C80}.Debug|x64.ActiveCfg = Debug|Any CPU
		{3252F050-0CE8-4FD0-BDB5-839543DD5C80}.Debug|x64.Build.0 = Debug|Any CPU
		{3252F050-0CE8-4FD0-BDB5-839543DD5C80}.Debug|x86.ActiveCfg = Debug|Any CPU
		{3252F050-0CE8-4FD0-BDB5-839543DD5C80}.Debug|x86.Build.0 = Debug|Any CPU
		{3252F050-0CE8-4FD0-BDB5-839543DD5C80}.Release|Any CPU.ActiveCfg = Release|Any CPU
		{3252F050-0CE8-4FD0-BDB5-839543DD5C80}.Release|Any CPU.Build.0 = Release|Any CPU
		{3252F050-0CE8-4FD0-BDB5-839543DD5C80}.Release|x64.ActiveCfg = Release|Any CPU
		{3252F050-0CE8-4FD0-BDB5-839543DD5C80}.Release|x64.Build.0 = Release|Any CPU
		{3252F050-0CE8-4FD0-BDB5-839543DD5C80}.Release|x86.ActiveCfg = Release|Any CPU
		{3252F050-0CE8-4FD0-BDB5-839543DD5C80}.Release|x86.Build.0 = Release|Any CPU
		{6603B79D-E54D-4044-B7A8-9A3FB75F3F7B}.Debug|Any CPU.ActiveCfg = Debug|Any CPU
		{6603B79D-E54D-4044-B7A8-9A3FB75F3F7B}.Debug|Any CPU.Build.0 = Debug|Any CPU
		{6603B79D-E54D-4044-B7A8-9A3FB75F3F7B}.Debug|x64.ActiveCfg = Debug|Any CPU
		{6603B79D-E54D-4044-B7A8-9A3FB75F3F7B}.Debug|x64.Build.0 = Debug|Any CPU
		{6603B79D-E54D-4044-B7A8-9A3FB75F3F7B}.Debug|x86.ActiveCfg = Debug|Any CPU
		{6603B79D-E54D-4044-B7A8-9A3FB75F3F7B}.Debug|x86.Build.0 = Debug|Any CPU
		{6603B79D-E54D-4044-B7A8-9A3FB75F3F7B}.Release|Any CPU.ActiveCfg = Release|Any CPU
		{6603B79D-E54D-4044-B7A8-9A3FB75F3F7B}.Release|Any CPU.Build.0 = Release|Any CPU
		{6603B79D-E54D-4044-B7A8-9A3FB75F3F7B}.Release|x64.ActiveCfg = Release|Any CPU
		{6603B79D-E54D-4044-B7A8-9A3FB75F3F7B}.Release|x64.Build.0 = Release|Any CPU
		{6603B79D-E54D-4044-B7A8-9A3FB75F3F7B}.Release|x86.ActiveCfg = Release|Any CPU
		{6603B79D-E54D-4044-B7A8-9A3FB75F3F7B}.Release|x86.Build.0 = Release|Any CPU
		{887D9791-AE1E-47E2-AE3B-DC636630EF6B}.Debug|Any CPU.ActiveCfg = Debug|Any CPU
		{887D9791-AE1E-47E2-AE3B-DC636630EF6B}.Debug|Any CPU.Build.0 = Debug|Any CPU
		{887D9791-AE1E-47E2-AE3B-DC636630EF6B}.Debug|x64.ActiveCfg = Debug|Any CPU
		{887D9791-AE1E-47E2-AE3B-DC636630EF6B}.Debug|x64.Build.0 = Debug|Any CPU
		{887D9791-AE1E-47E2-AE3B-DC636630EF6B}.Debug|x86.ActiveCfg = Debug|Any CPU
		{887D9791-AE1E-47E2-AE3B-DC636630EF6B}.Debug|x86.Build.0 = Debug|Any CPU
		{887D9791-AE1E-47E2-AE3B-DC636630EF6B}.Release|Any CPU.ActiveCfg = Release|Any CPU
		{887D9791-AE1E-47E2-AE3B-DC636630EF6B}.Release|Any CPU.Build.0 = Release|Any CPU
		{887D9791-AE1E-47E2-AE3B-DC636630EF6B}.Release|x64.ActiveCfg = Release|Any CPU
		{887D9791-AE1E-47E2-AE3B-DC636630EF6B}.Release|x64.Build.0 = Release|Any CPU
		{887D9791-AE1E-47E2-AE3B-DC636630EF6B}.Release|x86.ActiveCfg = Release|Any CPU
		{887D9791-AE1E-47E2-AE3B-DC636630EF6B}.Release|x86.Build.0 = Release|Any CPU
	EndGlobalSection
	GlobalSection(SolutionProperties) = preSolution
		HideSolutionNode = FALSE
	EndGlobalSection
	GlobalSection(NestedProjects) = preSolution
		{AC3DAC93-ABDC-42CF-A420-51C0E97D8472} = {827E0CD3-B72D-47B6-A68D-7590B98EB39B}
		{887D9791-AE1E-47E2-AE3B-DC636630EF6B} = {0AB3BF05-4346-4AA6-1389-037BE0695223}
	EndGlobalSection
EndGlobal
